// !$*UTF8*$!
{
	archiveVersion = 1;
	classes = {
	};
	objectVersion = 77;
	objects = {

/* Begin PBXBuildFile section */
		0450740C2FED0B25008DEC5E /* RealityKitContent in Frameworks */ = {isa = PBXBuildFile; productRef = 0450740B2FED0B25008DEC5E /* RealityKitContent */; };
		DA1A000000000000000000B1 /* DialogueKit in Frameworks */ = {isa = PBXBuildFile; productRef = DA1A000000000000000000D1 /* DialogueKit */; };
		DA1A000000000000000000B2 /* DialogueKitOpenAI in Frameworks */ = {isa = PBXBuildFile; productRef = DA1A000000000000000000D2 /* DialogueKitOpenAI */; };
/* End PBXBuildFile section */

/* Begin PBXFileReference section */
		045074062FED0B25008DEC5E /* Barrier City.app */ = {isa = PBXFileReference; explicitFileType = wrapper.application; includeInIndex = 0; path = "Barrier City.app"; sourceTree = BUILT_PRODUCTS_DIR; };
		0450740A2FED0B25008DEC5E /* RealityKitContent */ = {isa = PBXFileReference; lastKnownFileType = wrapper; path = RealityKitContent; sourceTree = "<group>"; };
		DA1A000000000000000000F1 /* DialogueKit */ = {isa = PBXFileReference; lastKnownFileType = wrapper; path = DialogueKit; sourceTree = "<group>"; };
/* End PBXFileReference section */

/* Begin PBXFileSystemSynchronizedBuildFileExceptionSet section */
		045074162FED0B26008DEC5E /* Exceptions for "Barrier City" folder in "Barrier City" target */ = {
			isa = PBXFileSystemSynchronizedBuildFileExceptionSet;
			membershipExceptions = (
				Info.plist,
			);
			target = 045074052FED0B25008DEC5E /* Barrier City */;
		};
/* End PBXFileSystemSynchronizedBuildFileExceptionSet section */

/* Begin PBXFileSystemSynchronizedRootGroup section */
		045074082FED0B25008DEC5E /* Barrier City */ = {
			isa = PBXFileSystemSynchronizedRootGroup;
			exceptions = (
				045074162FED0B26008DEC5E /* Exceptions for "Barrier City" folder in "Barrier City" target */,
			);
			path = "Barrier City";
			sourceTree = "<group>";
		};
/* End PBXFileSystemSynchronizedRootGroup section */

/* Begin PBXFrameworksBuildPhase section */
		045074032FED0B25008DEC5E /* Frameworks */ = {
			isa = PBXFrameworksBuildPhase;
			buildActionMask = 2147483647;
			files = (
				0450740C2FED0B25008DEC5E /* RealityKitContent in Frameworks */,
				DA1A000000000000000000B1 /* DialogueKit in Frameworks */,
				DA1A000000000000000000B2 /* DialogueKitOpenAI in Frameworks */,
			);
			runOnlyForDeploymentPostprocessing = 0;
		};
/* End PBXFrameworksBuildPhase section */

/* Begin PBXGroup section */
		045073FD2FED0B25008DEC5E = {
			isa = PBXGroup;
			children = (
				045074082FED0B25008DEC5E /* Barrier City */,
				045074092FED0B25008DEC5E /* Packages */,
				045074072FED0B25008DEC5E /* Products */,
			);
			sourceTree = "<group>";
		};
		045074072FED0B25008DEC5E /* Products */ = {
			isa = PBXGroup;
			children = (
				045074062FED0B25008DEC5E /* Barrier City.app */,
			);
			name = Products;
			sourceTree = "<group>";
		};
		045074092FED0B25008DEC5E /* Packages */ = {
			isa = PBXGroup;
			children = (
				0450740A2FED0B25008DEC5E /* RealityKitContent */,
				DA1A000000000000000000F1 /* DialogueKit */,
			);
			path = Packages;
			sourceTree = "<group>";
		};
/* End PBXGroup section */

/* Begin PBXNativeTarget section */
		045074052FED0B25008DEC5E /* Barrier City */ = {
			isa = PBXNativeTarget;
			buildConfigurationList = 045074172FED0B26008DEC5E /* Build configuration list for PBXNativeTarget "Barrier City" */;
			buildPhases = (
				045074022FED0B25008DEC5E /* Sources */,
				045074032FED0B25008DEC5E /* Frameworks */,
				045074042FED0B25008DEC5E /* Resources */,
			);
			buildRules = (
			);
			dependencies = (
			);
			fileSystemSynchronizedGroups = (
				045074082FED0B25008DEC5E /* Barrier City */,
			);
			name = "Barrier City";
			packageProductDependencies = (
				0450740B2FED0B25008DEC5E /* RealityKitContent */,
				DA1A000000000000000000D1 /* DialogueKit */,
				DA1A000000000000000000D2 /* DialogueKitOpenAI */,
			);
			productName = "Barrier City";
			productReference = 045074062FED0B25008DEC5E /* Barrier City.app */;
			productType = "com.apple.product-type.application";
		};
/* End PBXNativeTarget section */

/* Begin PBXProject section */
		045073FE2FED0B25008DEC5E /* Project object */ = {
			isa = PBXProject;
			attributes = {
				BuildIndependentTargetsInParallel = 1;
				LastSwiftUpdateCheck = 2650;
				LastUpgradeCheck = 2650;
				TargetAttributes = {
					045074052FED0B25008DEC5E = {
						CreatedOnToolsVersion = 26.5;
					};
				};
			};
			buildConfigurationList = 045074012FED0B25008DEC5E /* Build configuration list for PBXProject "Barrier City" */;
			developmentRegion = en;
			hasScannedForEncodings = 0;
			knownRegions = (
				en,
				Base,
			);
			mainGroup = 045073FD2FED0B25008DEC5E;
			minimizedProjectReferenceProxies = 1;
			packageReferences = (
				DA1A000000000000000000E1 /* XCLocalSwiftPackageReference "Packages/RealityKitContent" */,
				DA1A000000000000000000E2 /* XCLocalSwiftPackageReference "Packages/DialogueKit" */,
			);
			preferredProjectObjectVersion = 77;
			productRefGroup = 045074072FED0B25008DEC5E /* Products */;
			projectDirPath = "";
			projectRoot = "";
			targets = (
				045074052FED0B25008DEC5E /* Barrier City */,
			);
		};
/* End PBXProject section */

/* Begin PBXResourcesBuildPhase section */
		045074042FED0B25008DEC5E /* Resources */ = {
			isa = PBXResourcesBuildPhase;
			buildActionMask = 2147483647;
			files = (
			);
			runOnlyForDeploymentPostprocessing = 0;
		};
/* End PBXResourcesBuildPhase section */

/* Begin PBXSourcesBuildPhase section */
		045074022FED0B25008DEC5E /* Sources */ = {
			isa = PBXSourcesBuildPhase;
			buildActionMask = 2147483647;
			files = (
			);
			runOnlyForDeploymentPostprocessing = 0;
		};
/* End PBXSourcesBuildPhase section */

/* Begin XCBuildConfiguration section */
		045074182FED0B26008DEC5E /* Debug */ = {
			isa = XCBuildConfiguration;
			buildSettings = {
				ASSETCATALOG_COMPILER_APPICON_NAME = AppIcon;
				ASSETCATALOG_COMPILER_GLOBAL_ACCENT_COLOR_NAME = AccentColor;
				CODE_SIGN_STYLE = Automatic;
				CURRENT_PROJECT_VERSION = 8;
				DEVELOPMENT_TEAM = H2WD8C55D7;
				ENABLE_PREVIEWS = YES;
				"EXCLUDED_ARCHS[sdk=xrsimulator*]" = x86_64;
				GENERATE_INFOPLIST_FILE = YES;
				INFOPLIST_FILE = "$(TARGET_NAME)/Info.plist";
				INFOPLIST_KEY_NSHandsTrackingUsageDescription = "손으로 휠체어 바퀴를 잡고 굴리기 위해 손 추적을 사용합니다.";
				INFOPLIST_KEY_NSMicrophoneUsageDescription = "휠체어 이용자와의 음성 대화를 위해 마이크를 사용합니다.";
				INFOPLIST_KEY_NSSpeechRecognitionUsageDescription = "음성을 텍스트로 변환해 NPC와 대화하기 위해 음성 인식을 사용합니다.";
				INFOPLIST_KEY_NSWorldSensingUsageDescription = "몰입 공간에서 주변 공간을 인식하기 위해 사용합니다.";
				LD_RUNPATH_SEARCH_PATHS = (
					"$(inherited)",
					"@executable_path/Frameworks",
				);
				MARKETING_VERSION = 1.4;
				PRODUCT_BUNDLE_IDENTIFIER = "com.Television.Barrier-City";
				PRODUCT_NAME = "$(TARGET_NAME)";
				STRING_CATALOG_GENERATE_SYMBOLS = YES;
				SUPPORTED_PLATFORMS = "xros xrsimulator";
				SWIFT_APPROACHABLE_CONCURRENCY = YES;
				SWIFT_DEFAULT_ACTOR_ISOLATION = MainActor;
				SWIFT_STRICT_CONCURRENCY = complete;
				SWIFT_EMIT_LOC_STRINGS = YES;
				SWIFT_UPCOMING_FEATURE_MEMBER_IMPORT_VISIBILITY = YES;
				SWIFT_VERSION = 6.0;
				TARGETED_DEVICE_FAMILY = 7;
				XROS_DEPLOYMENT_TARGET = 26.2;
			};
			name = Debug;
		};
		045074192FED0B26008DEC5E /* Release */ = {
			isa = XCBuildConfiguration;
			buildSettings = {
				ASSETCATALOG_COMPILER_APPICON_NAME = AppIcon;
				ASSETCATALOG_COMPILER_GLOBAL_ACCENT_COLOR_NAME = AccentColor;
				CODE_SIGN_STYLE = Automatic;
				CURRENT_PROJECT_VERSION = 8;
				DEVELOPMENT_TEAM = H2WD8C55D7;
				ENABLE_PREVIEWS = YES;
				"EXCLUDED_ARCHS[sdk=xrsimulator*]" = x86_64;
				GENERATE_INFOPLIST_FILE = YES;
				INFOPLIST_FILE = "$(TARGET_NAME)/Info.plist";
				INFOPLIST_KEY_NSHandsTrackingUsageDescription = "손으로 휠체어 바퀴를 잡고 굴리기 위해 손 추적을 사용합니다.";
				INFOPLIST_KEY_NSMicrophoneUsageDescription = "휠체어 이용자와의 음성 대화를 위해 마이크를 사용합니다.";
				INFOPLIST_KEY_NSSpeechRecognitionUsageDescription = "음성을 텍스트로 변환해 NPC와 대화하기 위해 음성 인식을 사용합니다.";
				INFOPLIST_KEY_NSWorldSensingUsageDescription = "몰입 공간에서 주변 공간을 인식하기 위해 사용합니다.";
				LD_RUNPATH_SEARCH_PATHS = (
					"$(inherited)",
					"@executable_path/Frameworks",
				);
				MARKETING_VERSION = 1.4;
				PRODUCT_BUNDLE_IDENTIFIER = "com.Television.Barrier-City";
				PRODUCT_NAME = "$(TARGET_NAME)";
				STRING_CATALOG_GENERATE_SYMBOLS = YES;
				SUPPORTED_PLATFORMS = "xros xrsimulator";
				SWIFT_APPROACHABLE_CONCURRENCY = YES;
				SWIFT_DEFAULT_ACTOR_ISOLATION = MainActor;
				SWIFT_STRICT_CONCURRENCY = complete;
				SWIFT_EMIT_LOC_STRINGS = YES;
				SWIFT_UPCOMING_FEATURE_MEMBER_IMPORT_VISIBILITY = YES;
				SWIFT_VERSION = 6.0;
				TARGETED_DEVICE_FAMILY = 7;
				XROS_DEPLOYMENT_TARGET = 26.2;
			};
			name = Release;
		};
		0450741A2FED0B26008DEC5E /* Debug */ = {
			isa = XCBuildConfiguration;
			buildSettings = {
				ALWAYS_SEARCH_USER_PATHS = NO;
				ASSETCATALOG_COMPILER_GENERATE_SWIFT_ASSET_SYMBOL_EXTENSIONS = YES;
				CLANG_ANALYZER_NONNULL = YES;
				CLANG_ANALYZER_NUMBER_OBJECT_CONVERSION = YES_AGGRESSIVE;
				CLANG_CXX_LANGUAGE_STANDARD = "gnu++20";
				CLANG_ENABLE_MODULES = YES;
				CLANG_ENABLE_OBJC_ARC = YES;
				CLANG_ENABLE_OBJC_WEAK = YES;
				CLANG_WARN_BLOCK_CAPTURE_AUTORELEASING = YES;
				CLANG_WARN_BOOL_CONVERSION = YES;
				CLANG_WARN_COMMA = YES;
				CLANG_WARN_CONSTANT_CONVERSION = YES;
				CLANG_WARN_DEPRECATED_OBJC_IMPLEMENTATIONS = YES;
				CLANG_WARN_DIRECT_OBJC_ISA_USAGE = YES_ERROR;
				CLANG_WARN_DOCUMENTATION_COMMENTS = YES;
				CLANG_WARN_EMPTY_BODY = YES;
				CLANG_WARN_ENUM_CONVERSION = YES;
				CLANG_WARN_INFINITE_RECURSION = YES;
				CLANG_WARN_INT_CONVERSION = YES;
				CLANG_WARN_NON_LITERAL_NULL_CONVERSION = YES;
				CLANG_WARN_OBJC_IMPLICIT_RETAIN_SELF = YES;
				CLANG_WARN_OBJC_LITERAL_CONVERSION = YES;
				CLANG_WARN_OBJC_ROOT_CLASS = YES_ERROR;
				CLANG_WARN_QUOTED_INCLUDE_IN_FRAMEWORK_HEADER = YES;
				CLANG_WARN_RANGE_LOOP_ANALYSIS = YES;
				CLANG_WARN_STRICT_PROTOTYPES = YES;
				CLANG_WARN_SUSPICIOUS_MOVE = YES;
				CLANG_WARN_UNGUARDED_AVAILABILITY = YES_AGGRESSIVE;
				CLANG_WARN_UNREACHABLE_CODE = YES;
				CLANG_WARN__DUPLICATE_METHOD_MATCH = YES;
				COPY_PHASE_STRIP = NO;
				DEBUG_INFORMATION_FORMAT = dwarf;
				DEVELOPMENT_TEAM = 4FCV7BL65G;
				ENABLE_STRICT_OBJC_MSGSEND = YES;
				ENABLE_TESTABILITY = YES;
				ENABLE_USER_SCRIPT_SANDBOXING = YES;
				GCC_C_LANGUAGE_STANDARD = gnu17;
				GCC_DYNAMIC_NO_PIC = NO;
				GCC_NO_COMMON_BLOCKS = YES;
				GCC_OPTIMIZATION_LEVEL = 0;
				GCC_PREPROCESSOR_DEFINITIONS = (
					"DEBUG=1",
					"$(inherited)",
				);
				GCC_WARN_64_TO_32_BIT_CONVERSION = YES;
				GCC_WARN_ABOUT_RETURN_TYPE = YES_ERROR;
				GCC_WARN_UNDECLARED_SELECTOR = YES;
				GCC_WARN_UNINITIALIZED_AUTOS = YES_AGGRESSIVE;
				GCC_WARN_UNUSED_FUNCTION = YES;
				GCC_WARN_UNUSED_VARIABLE = YES;
				LOCALIZATION_PREFERS_STRING_CATALOGS = YES;
				MTL_ENABLE_DEBUG_INFO = INCLUDE_SOURCE;
				MTL_FAST_MATH = YES;
				ONLY_ACTIVE_ARCH = YES;
				SDKROOT = xros;
				SWIFT_ACTIVE_COMPILATION_CONDITIONS = "DEBUG $(inherited)";
				SWIFT_OPTIMIZATION_LEVEL = "-Onone";
				XROS_DEPLOYMENT_TARGET = 26.5;
			};
			name = Debug;
		};
		0450741B2FED0B26008DEC5E /* Release */ = {
			isa = XCBuildConfiguration;
			buildSettings = {
				ALWAYS_SEARCH_USER_PATHS = NO;
				ASSETCATALOG_COMPILER_GENERATE_SWIFT_ASSET_SYMBOL_EXTENSIONS = YES;
				CLANG_ANALYZER_NONNULL = YES;
				CLANG_ANALYZER_NUMBER_OBJECT_CONVERSION = YES_AGGRESSIVE;
				CLANG_CXX_LANGUAGE_STANDARD = "gnu++20";
				CLANG_ENABLE_MODULES = YES;
				CLANG_ENABLE_OBJC_ARC = YES;
				CLANG_ENABLE_OBJC_WEAK = YES;
				CLANG_WARN_BLOCK_CAPTURE_AUTORELEASING = YES;
				CLANG_WARN_BOOL_CONVERSION = YES;
				CLANG_WARN_COMMA = YES;
				CLANG_WARN_CONSTANT_CONVERSION = YES;
				CLANG_WARN_DEPRECATED_OBJC_IMPLEMENTATIONS = YES;
				CLANG_WARN_DIRECT_OBJC_ISA_USAGE = YES_ERROR;
				CLANG_WARN_DOCUMENTATION_COMMENTS = YES;
				CLANG_WARN_EMPTY_BODY = YES;
				CLANG_WARN_ENUM_CONVERSION = YES;
				CLANG_WARN_INFINITE_RECURSION = YES;
				CLANG_WARN_INT_CONVERSION = YES;
				CLANG_WARN_NON_LITERAL_NULL_CONVERSION = YES;
				CLANG_WARN_OBJC_IMPLICIT_RETAIN_SELF = YES;
				CLANG_WARN_OBJC_LITERAL_CONVERSION = YES;
				CLANG_WARN_OBJC_ROOT_CLASS = YES_ERROR;
				CLANG_WARN_QUOTED_INCLUDE_IN_FRAMEWORK_HEADER = YES;
				CLANG_WARN_RANGE_LOOP_ANALYSIS = YES;
				CLANG_WARN_STRICT_PROTOTYPES = YES;
				CLANG_WARN_SUSPICIOUS_MOVE = YES;
				CLANG_WARN_UNGUARDED_AVAILABILITY = YES_AGGRESSIVE;
				CLANG_WARN_UNREACHABLE_CODE = YES;
				CLANG_WARN__DUPLICATE_METHOD_MATCH = YES;
				COPY_PHASE_STRIP = NO;
				DEBUG_INFORMATION_FORMAT = "dwarf-with-dsym";
				DEVELOPMENT_TEAM = 4FCV7BL65G;
				ENABLE_NS_ASSERTIONS = NO;
				ENABLE_STRICT_OBJC_MSGSEND = YES;
				ENABLE_USER_SCRIPT_SANDBOXING = YES;
				GCC_C_LANGUAGE_STANDARD = gnu17;
				GCC_NO_COMMON_BLOCKS = YES;
				GCC_WARN_64_TO_32_BIT_CONVERSION = YES;
				GCC_WARN_ABOUT_RETURN_TYPE = YES_ERROR;
				GCC_WARN_UNDECLARED_SELECTOR = YES;
				GCC_WARN_UNINITIALIZED_AUTOS = YES_AGGRESSIVE;
				GCC_WARN_UNUSED_FUNCTION = YES;
				GCC_WARN_UNUSED_VARIABLE = YES;
				LOCALIZATION_PREFERS_STRING_CATALOGS = YES;
				MTL_ENABLE_DEBUG_INFO = NO;
				MTL_FAST_MATH = YES;
				SDKROOT = xros;
				SWIFT_COMPILATION_MODE = wholemodule;
				VALIDATE_PRODUCT = YES;
				XROS_DEPLOYMENT_TARGET = 26.5;
			};
			name = Release;
		};
/* End XCBuildConfiguration section */

/* Begin XCConfigurationList section */
		045074012FED0B25008DEC5E /* Build configuration list for PBXProject "Barrier City" */ = {
			isa = XCConfigurationList;
			buildConfigurations = (
				0450741A2FED0B26008DEC5E /* Debug */,
				0450741B2FED0B26008DEC5E /* Release */,
			);
			defaultConfigurationIsVisible = 0;
			defaultConfigurationName = Release;
		};
		045074172FED0B26008DEC5E /* Build configuration list for PBXNativeTarget "Barrier City" */ = {
			isa = XCConfigurationList;
			buildConfigurations = (
				045074182FED0B26008DEC5E /* Debug */,
				045074192FED0B26008DEC5E /* Release */,
			);
			defaultConfigurationIsVisible = 0;
			defaultConfigurationName = Release;
		};
/* End XCConfigurationList section */

/* Begin XCLocalSwiftPackageReference section */
		DA1A000000000000000000E1 /* XCLocalSwiftPackageReference "Packages/RealityKitContent" */ = {
			isa = XCLocalSwiftPackageReference;
			relativePath = Packages/RealityKitContent;
		};
		DA1A000000000000000000E2 /* XCLocalSwiftPackageReference "Packages/DialogueKit" */ = {
			isa = XCLocalSwiftPackageReference;
			relativePath = Packages/DialogueKit;
		};
/* End XCLocalSwiftPackageReference section */

/* Begin XCSwiftPackageProductDependency section */
		0450740B2FED0B25008DEC5E /* RealityKitContent */ = {
			isa = XCSwiftPackageProductDependency;
			package = DA1A000000000000000000E1 /* XCLocalSwiftPackageReference "Packages/RealityKitContent" */;
			productName = RealityKitContent;
		};
		DA1A000000000000000000D1 /* DialogueKit */ = {
			isa = XCSwiftPackageProductDependency;
			package = DA1A000000000000000000E2 /* XCLocalSwiftPackageReference "Packages/DialogueKit" */;
			productName = DialogueKit;
		};
		DA1A000000000000000000D2 /* DialogueKitOpenAI */ = {
			isa = XCSwiftPackageProductDependency;
			package = DA1A000000000000000000E2 /* XCLocalSwiftPackageReference "Packages/DialogueKit" */;
			productName = DialogueKitOpenAI;
		};
/* End XCSwiftPackageProductDependency section */
	};
	rootObject = 045073FE2FED0B25008DEC5E /* Project object */;
}
